
Microsoft Visual Studio Solution File, Format Version 12.00
# Visual Studio Version 16
VisualStudioVersion = 16.0.29418.71
MinimumVisualStudioVersion = 10.0.40219.1
Project("{8BC9CEB8-8B4A-11D0-8D11-00A0C91BC942}") = "FileFilter", "FileFilter\FileFilter.vcxproj", "{38BAD472-D49D-4467-8B3B-02DBD24D8684}"
EndProject
Project("{8BC9CEB8-8B4A-11D0-8D11-00A0C91BC942}") = "HideFileApply", "HideFileApply\HideFileApply.vcxproj", "{BD6F9437-8AE6-4F52-A9AE-FDB82C221FB1}"
EndProject
Project("{8BC9CEB8-8B4A-11D0-8D11-00A0C91BC942}") = "获取传入路径下的所有文件", "获取传入路径下的所有文件\获取传入路径下的所有文件.vcxproj", "{0E2509D3-EB7B-4070-9E74-697CB8062B74}"
EndProject
Project("{8BC9CEB8-8B4A-11D0-8D11-00A0C91BC942}") = "测试打印", "测试打印\测试打印.vcxproj", "{1EEAA690-4090-4BF1-BCB1-293ED019807F}"
EndProject
Global
	GlobalSection(SolutionConfigurationPlatforms) = preSolution
		Debug|ARM = Debug|ARM
		Debug|ARM64 = Debug|ARM64
		Debug|x64 = Debug|x64
		Debug|x86 = Debug|x86
		Release|ARM = Release|ARM
		Release|ARM64 = Release|ARM64
		Release|x64 = Release|x64
		Release|x86 = Release|x86
	EndGlobalSection
	GlobalSection(ProjectConfigurationPlatforms) = postSolution
		{38BAD472-D49D-4467-8B3B-02DBD24D8684}.Debug|ARM.ActiveCfg = Debug|ARM
		{38BAD472-D49D-4467-8B3B-02DBD24D8684}.Debug|ARM.Build.0 = Debug|ARM
		{38BAD472-D49D-4467-8B3B-02DBD24D8684}.Debug|ARM.Deploy.0 = Debug|ARM
		{38BAD472-D49D-4467-8B3B-02DBD24D8684}.Debug|ARM64.ActiveCfg = Debug|ARM64
		{38BAD472-D49D-4467-8B3B-02DBD24D8684}.Debug|ARM64.Build.0 = Debug|ARM64
		{38BAD472-D49D-4467-8B3B-02DBD24D8684}.Debug|ARM64.Deploy.0 = Debug|ARM64
		{38BAD472-D49D-4467-8B3B-02DBD24D8684}.Debug|x64.ActiveCfg = Debug|x64
		{38BAD472-D49D-4467-8B3B-02DBD24D8684}.Debug|x64.Build.0 = Debug|x64
		{38BAD472-D49D-4467-8B3B-02DBD24D8684}.Debug|x64.Deploy.0 = Debug|x64
		{38BAD472-D49D-4467-8B3B-02DBD24D8684}.Debug|x86.ActiveCfg = Debug|Win32
		{38BAD472-D49D-4467-8B3B-02DBD24D8684}.Debug|x86.Build.0 = Debug|Win32
		{38BAD472-D49D-4467-8B3B-02DBD24D8684}.Debug|x86.Deploy.0 = Debug|Win32
		{38BAD472-D49D-4467-8B3B-02DBD24D8684}.Release|ARM.ActiveCfg = Release|ARM
		{38BAD472-D49D-4467-8B3B-02DBD24D8684}.Release|ARM.Build.0 = Release|ARM
		{38BAD472-D49D-4467-8B3B-02DBD24D8684}.Release|ARM.Deploy.0 = Release|ARM
		{38BAD472-D49D-4467-8B3B-02DBD24D8684}.Release|ARM64.ActiveCfg = Release|ARM64
		{38BAD472-D49D-4467-8B3B-02DBD24D8684}.Release|ARM64.Build.0 = Release|ARM64
		{38BAD472-D49D-4467-8B3B-02DBD24D8684}.Release|ARM64.Deploy.0 = Release|ARM64
		{38BAD472-D49D-4467-8B3B-02DBD24D8684}.Release|x64.ActiveCfg = Release|x64
		{38BAD472-D49D-4467-8B3B-02DBD24D8684}.Release|x64.Build.0 = Release|x64
		{38BAD472-D49D-4467-8B3B-02DBD24D8684}.Release|x64.Deploy.0 = Release|x64
		{38BAD472-D49D-4467-8B3B-02DBD24D8684}.Release|x86.ActiveCfg = Release|Win32
		{38BAD472-D49D-4467-8B3B-02DBD24D8684}.Release|x86.Build.0 = Release|Win32
		{38BAD472-D49D-4467-8B3B-02DBD24D8684}.Release|x86.Deploy.0 = Release|Win32
		{BD6F9437-8AE6-4F52-A9AE-FDB82C221FB1}.Debug|ARM.ActiveCfg = Debug|Win32
		{BD6F9437-8AE6-4F52-A9AE-FDB82C221FB1}.Debug|ARM64.ActiveCfg = Debug|Win32
		{BD6F9437-8AE6-4F52-A9AE-FDB82C221FB1}.Debug|x64.ActiveCfg = Debug|x64
		{BD6F9437-8AE6-4F52-A9AE-FDB82C221FB1}.Debug|x64.Build.0 = Debug|x64
		{BD6F9437-8AE6-4F52-A9AE-FDB82C221FB1}.Debug|x86.ActiveCfg = Debug|Win32
		{BD6F9437-8AE6-4F52-A9AE-FDB82C221FB1}.Debug|x86.Build.0 = Debug|Win32
		{BD6F9437-8AE6-4F52-A9AE-FDB82C221FB1}.Release|ARM.ActiveCfg = Release|Win32
		{BD6F9437-8AE6-4F52-A9AE-FDB82C221FB1}.Release|ARM64.ActiveCfg = Release|Win32
		{BD6F9437-8AE6-4F52-A9AE-FDB82C221FB1}.Release|x64.ActiveCfg = Release|x64
		{BD6F9437-8AE6-4F52-A9AE-FDB82C221FB1}.Release|x64.Build.0 = Release|x64
		{BD6F9437-8AE6-4F52-A9AE-FDB82C221FB1}.Release|x86.ActiveCfg = Release|Win32
		{BD6F9437-8AE6-4F52-A9AE-FDB82C221FB1}.Release|x86.Build.0 = Release|Win32
		{0E2509D3-EB7B-4070-9E74-697CB8062B74}.Debug|ARM.ActiveCfg = Debug|Win32
		{0E2509D3-EB7B-4070-9E74-697CB8062B74}.Debug|ARM64.ActiveCfg = Debug|Win32
		{0E2509D3-EB7B-4070-9E74-697CB8062B74}.Debug|x64.ActiveCfg = Debug|x64
		{0E2509D3-EB7B-4070-9E74-697CB8062B74}.Debug|x64.Build.0 = Debug|x64
		{0E2509D3-EB7B-4070-9E74-697CB8062B74}.Debug|x86.ActiveCfg = Debug|Win32
		{0E2509D3-EB7B-4070-9E74-697CB8062B74}.Debug|x86.Build.0 = Debug|Win32
		{0E2509D3-EB7B-4070-9E74-697CB8062B74}.Release|ARM.ActiveCfg = Release|Win32
		{0E2509D3-EB7B-4070-9E74-697CB8062B74}.Release|ARM64.ActiveCfg = Release|Win32
		{0E2509D3-EB7B-4070-9E74-697CB8062B74}.Release|x64.ActiveCfg = Release|x64
		{0E2509D3-EB7B-4070-9E74-697CB8062B74}.Release|x64.Build.0 = Release|x64
		{0E2509D3-EB7B-4070-9E74-697CB8062B74}.Release|x86.ActiveCfg = Release|Win32
		{0E2509D3-EB7B-4070-9E74-697CB8062B74}.Release|x86.Build.0 = Release|Win32
		{1EEAA690-4090-4BF1-BCB1-293ED019807F}.Debug|ARM.ActiveCfg = Debug|Win32
		{1EEAA690-4090-4BF1-BCB1-293ED019807F}.Debug|ARM64.ActiveCfg = Debug|Win32
		{1EEAA690-4090-4BF1-BCB1-293ED019807F}.Debug|x64.ActiveCfg = Debug|x64
		{1EEAA690-4090-4BF1-BCB1-293ED019807F}.Debug|x64.Build.0 = Debug|x64
		{1EEAA690-4090-4BF1-BCB1-293ED019807F}.Debug|x86.ActiveCfg = Debug|Win32
		{1EEAA690-4090-4BF1-BCB1-293ED019807F}.Debug|x86.Build.0 = Debug|Win32
		{1EEAA690-4090-4BF1-BCB1-293ED019807F}.Release|ARM.ActiveCfg = Release|Win32
		{1EEAA690-4090-4BF1-BCB1-293ED019807F}.Release|ARM64.ActiveCfg = Release|Win32
		{1EEAA690-4090-4BF1-BCB1-293ED019807F}.Release|x64.ActiveCfg = Release|x64
		{1EEAA690-4090-4BF1-BCB1-293ED019807F}.Release|x64.Build.0 = Release|x64
		{1EEAA690-4090-4BF1-BCB1-293ED019807F}.Release|x86.ActiveCfg = Release|Win32
		{1EEAA690-4090-4BF1-BCB1-293ED019807F}.Release|x86.Build.0 = Release|Win32
	EndGlobalSection
	GlobalSection(SolutionProperties) = preSolution
		HideSolutionNode = FALSE
	EndGlobalSection
	GlobalSection(ExtensibilityGlobals) = postSolution
		SolutionGuid = {A124F2FD-F581-45BD-80DD-0972D93D15CA}
	EndGlobalSection
EndGlobal
